
Microsoft Visual Studio Solution File, Format Version 12.00
# Visual Studio 2012
Project("{FAE04EC0-301F-11D3-BF4B-00C04F79EFBC}") = "Lesula.Core", "Lesula.Core\Lesula.Core.csproj", "{E236CCA6-3D70-4146-9DA9-7199416EE69F}"
EndProject
Project("{FAE04EC0-301F-11D3-BF4B-00C04F79EFBC}") = "Lesula.CodeParser", "Lesula.CodeParser\Lesula.CodeParser.csproj", "{FD2F9EDB-E17A-4662-912D-2C0E10F41539}"
EndProject
Project("{2150E333-8FDC-42A3-9474-1A3956D46DE8}") = "Tests", "Tests", "{3F26460A-F364-43E2-99E3-B94032B4ECAA}"
EndProject
Project("{FAE04EC0-301F-11D3-BF4B-00C04F79EFBC}") = "Lesula.CodeParser.Tests", "Lesula.CodeParser.Tests\Lesula.CodeParser.Tests.csproj", "{B41F0BD0-1B80-49B4-9F56-718768B6E64D}"
EndProject
Project("{FAE04EC0-301F-11D3-BF4B-00C04F79EFBC}") = "Lesula.Cassandra", "Lesula.Cassandra\Lesula.Cassandra.csproj", "{E96D658F-A28D-4CAC-A414-7328CF12052F}"
EndProject
Project("{FAE04EC0-301F-11D3-BF4B-00C04F79EFBC}") = "Lesula.Client", "Lesula.Client\Lesula.Client.csproj", "{6D76F723-71CB-4EFB-98CB-E2592B10C60B}"
EndProject
Project("{FAE04EC0-301F-11D3-BF4B-00C04F79EFBC}") = "Lesula.Admin", "Lesula.Admin\Lesula.Admin.csproj", "{58A4ED91-A8FD-40ED-9628-A6737BC27A2C}"
EndProject
Project("{FAE04EC0-301F-11D3-BF4B-00C04F79EFBC}") = "Lesula.Client.Contracts", "Lesula.Client.Contracts\Lesula.Client.Contracts.csproj", "{5C038435-17A3-4FD9-AD07-775FCA47836B}"
EndProject
Project("{FAE04EC0-301F-11D3-BF4B-00C04F79EFBC}") = "Lesula.Admin.Contracts", "Lesula.Admin.Contracts\Lesula.Admin.Contracts.csproj", "{69194894-2AD1-49C6-9601-D007E56EB0BF}"
EndProject
Project("{FAE04EC0-301F-11D3-BF4B-00C04F79EFBC}") = "Lesula.Client.Dalc", "Lesula.Client.Dalc\Lesula.Client.Dalc.csproj", "{EAA935D3-6F88-4685-B852-9053DF29E324}"
EndProject
Project("{2150E333-8FDC-42A3-9474-1A3956D46DE8}") = "Admin", "Admin", "{FA78D83A-7511-4EF0-884E-5E3F0983CE2B}"
EndProject
Project("{2150E333-8FDC-42A3-9474-1A3956D46DE8}") = "Client", "Client", "{A4005ADB-2EBA-4DAD-84AC-6B741BB551B6}"
EndProject
Project("{2150E333-8FDC-42A3-9474-1A3956D46DE8}") = "Common", "Common", "{C0522311-FEFA-43FB-B230-59D34810C8BE}"
EndProject
Project("{FAE04EC0-301F-11D3-BF4B-00C04F79EFBC}") = "Lesula.Admin.Dalc", "Lesula.Admin.Dalc\Lesula.Admin.Dalc.csproj", "{891D5581-137A-40CC-9D96-1AA1EEAD3E69}"
EndProject
Project("{2150E333-8FDC-42A3-9474-1A3956D46DE8}") = "Tests", "Tests", "{CEB931AC-B7E7-443B-9676-14DE221A88F8}"
EndProject
Project("{FAE04EC0-301F-11D3-BF4B-00C04F79EFBC}") = "Lesula.Client.Tests", "Lesula.Client.Tests\Lesula.Client.Tests.csproj", "{79F7FFC2-97D7-4926-987A-4C7A1B1945B3}"
EndProject
Project("{FAE04EC0-301F-11D3-BF4B-00C04F79EFBC}") = "Lesula.Client.Specs", "Lesula.Client.Specs\Lesula.Client.Specs.csproj", "{2E29C0AF-1CF9-44B7-AA38-9D0634E7BEBD}"
EndProject
Project("{FAE04EC0-301F-11D3-BF4B-00C04F79EFBC}") = "Lesula.Cassandra.Tests", "Lesula.Cassandra.Tests\Lesula.Cassandra.Tests.csproj", "{A417076D-12C6-4A22-9FFA-79D2AD3474D5}"
EndProject
Global
	GlobalSection(SolutionConfigurationPlatforms) = preSolution
		Debug|Any CPU = Debug|Any CPU
		Debug|Mixed Platforms = Debug|Mixed Platforms
		Debug|Win32 = Debug|Win32
		Release|Any CPU = Release|Any CPU
		Release|Mixed Platforms = Release|Mixed Platforms
		Release|Win32 = Release|Win32
	EndGlobalSection
	GlobalSection(ProjectConfigurationPlatforms) = postSolution
		{E236CCA6-3D70-4146-9DA9-7199416EE69F}.Debug|Any CPU.ActiveCfg = Debug|Any CPU
		{E236CCA6-3D70-4146-9DA9-7199416EE69F}.Debug|Any CPU.Build.0 = Debug|Any CPU
		{E236CCA6-3D70-4146-9DA9-7199416EE69F}.Debug|Mixed Platforms.ActiveCfg = Debug|Any CPU
		{E236CCA6-3D70-4146-9DA9-7199416EE69F}.Debug|Mixed Platforms.Build.0 = Debug|Any CPU
		{E236CCA6-3D70-4146-9DA9-7199416EE69F}.Debug|Win32.ActiveCfg = Debug|Any CPU
		{E236CCA6-3D70-4146-9DA9-7199416EE69F}.Release|Any CPU.ActiveCfg = Release|Any CPU
		{E236CCA6-3D70-4146-9DA9-7199416EE69F}.Release|Any CPU.Build.0 = Release|Any CPU
		{E236CCA6-3D70-4146-9DA9-7199416EE69F}.Release|Mixed Platforms.ActiveCfg = Release|Any CPU
		{E236CCA6-3D70-4146-9DA9-7199416EE69F}.Release|Mixed Platforms.Build.0 = Release|Any CPU
		{E236CCA6-3D70-4146-9DA9-7199416EE69F}.Release|Win32.ActiveCfg = Release|Any CPU
		{FD2F9EDB-E17A-4662-912D-2C0E10F41539}.Debug|Any CPU.ActiveCfg = Debug|Any CPU
		{FD2F9EDB-E17A-4662-912D-2C0E10F41539}.Debug|Any CPU.Build.0 = Debug|Any CPU
		{FD2F9EDB-E17A-4662-912D-2C0E10F41539}.Debug|Mixed Platforms.ActiveCfg = Debug|Any CPU
		{FD2F9EDB-E17A-4662-912D-2C0E10F41539}.Debug|Mixed Platforms.Build.0 = Debug|Any CPU
		{FD2F9EDB-E17A-4662-912D-2C0E10F41539}.Debug|Win32.ActiveCfg = Debug|Any CPU
		{FD2F9EDB-E17A-4662-912D-2C0E10F41539}.Release|Any CPU.ActiveCfg = Release|Any CPU
		{FD2F9EDB-E17A-4662-912D-2C0E10F41539}.Release|Any CPU.Build.0 = Release|Any CPU
		{FD2F9EDB-E17A-4662-912D-2C0E10F41539}.Release|Mixed Platforms.ActiveCfg = Release|Any CPU
		{FD2F9EDB-E17A-4662-912D-2C0E10F41539}.Release|Mixed Platforms.Build.0 = Release|Any CPU
		{FD2F9EDB-E17A-4662-912D-2C0E10F41539}.Release|Win32.ActiveCfg = Release|Any CPU
		{B41F0BD0-1B80-49B4-9F56-718768B6E64D}.Debug|Any CPU.ActiveCfg = Debug|Any CPU
		{B41F0BD0-1B80-49B4-9F56-718768B6E64D}.Debug|Any CPU.Build.0 = Debug|Any CPU
		{B41F0BD0-1B80-49B4-9F56-718768B6E64D}.Debug|Mixed Platforms.ActiveCfg = Debug|Any CPU
		{B41F0BD0-1B80-49B4-9F56-718768B6E64D}.Debug|Mixed Platforms.Build.0 = Debug|Any CPU
		{B41F0BD0-1B80-49B4-9F56-718768B6E64D}.Debug|Win32.ActiveCfg = Debug|Any CPU
		{B41F0BD0-1B80-49B4-9F56-718768B6E64D}.Release|Any CPU.ActiveCfg = Release|Any CPU
		{B41F0BD0-1B80-49B4-9F56-718768B6E64D}.Release|Any CPU.Build.0 = Release|Any CPU
		{B41F0BD0-1B80-49B4-9F56-718768B6E64D}.Release|Mixed Platforms.ActiveCfg = Release|Any CPU
		{B41F0BD0-1B80-49B4-9F56-718768B6E64D}.Release|Mixed Platforms.Build.0 = Release|Any CPU
		{B41F0BD0-1B80-49B4-9F56-718768B6E64D}.Release|Win32.ActiveCfg = Release|Any CPU
		{E96D658F-A28D-4CAC-A414-7328CF12052F}.Debug|Any CPU.ActiveCfg = Debug|Any CPU
		{E96D658F-A28D-4CAC-A414-7328CF12052F}.Debug|Any CPU.Build.0 = Debug|Any CPU
		{E96D658F-A28D-4CAC-A414-7328CF12052F}.Debug|Mixed Platforms.ActiveCfg = Debug|Any CPU
		{E96D658F-A28D-4CAC-A414-7328CF12052F}.Debug|Mixed Platforms.Build.0 = Debug|Any CPU
		{E96D658F-A28D-4CAC-A414-7328CF12052F}.Debug|Win32.ActiveCfg = Debug|Any CPU
		{E96D658F-A28D-4CAC-A414-7328CF12052F}.Release|Any CPU.ActiveCfg = Release|Any CPU
		{E96D658F-A28D-4CAC-A414-7328CF12052F}.Release|Any CPU.Build.0 = Release|Any CPU
		{E96D658F-A28D-4CAC-A414-7328CF12052F}.Release|Mixed Platforms.ActiveCfg = Release|Any CPU
		{E96D658F-A28D-4CAC-A414-7328CF12052F}.Release|Mixed Platforms.Build.0 = Release|Any CPU
		{E96D658F-A28D-4CAC-A414-7328CF12052F}.Release|Win32.ActiveCfg = Release|Any CPU
		{6D76F723-71CB-4EFB-98CB-E2592B10C60B}.Debug|Any CPU.ActiveCfg = Debug|Any CPU
		{6D76F723-71CB-4EFB-98CB-E2592B10C60B}.Debug|Any CPU.Build.0 = Debug|Any CPU
		{6D76F723-71CB-4EFB-98CB-E2592B10C60B}.Debug|Mixed Platforms.ActiveCfg = Debug|Any CPU
		{6D76F723-71CB-4EFB-98CB-E2592B10C60B}.Debug|Mixed Platforms.Build.0 = Debug|Any CPU
		{6D76F723-71CB-4EFB-98CB-E2592B10C60B}.Debug|Win32.ActiveCfg = Debug|Any CPU
		{6D76F723-71CB-4EFB-98CB-E2592B10C60B}.Release|Any CPU.ActiveCfg = Release|Any CPU
		{6D76F723-71CB-4EFB-98CB-E2592B10C60B}.Release|Any CPU.Build.0 = Release|Any CPU
		{6D76F723-71CB-4EFB-98CB-E2592B10C60B}.Release|Mixed Platforms.ActiveCfg = Release|Any CPU
		{6D76F723-71CB-4EFB-98CB-E2592B10C60B}.Release|Mixed Platforms.Build.0 = Release|Any CPU
		{6D76F723-71CB-4EFB-98CB-E2592B10C60B}.Release|Win32.ActiveCfg = Release|Any CPU
		{58A4ED91-A8FD-40ED-9628-A6737BC27A2C}.Debug|Any CPU.ActiveCfg = Debug|Any CPU
		{58A4ED91-A8FD-40ED-9628-A6737BC27A2C}.Debug|Any CPU.Build.0 = Debug|Any CPU
		{58A4ED91-A8FD-40ED-9628-A6737BC27A2C}.Debug|Mixed Platforms.ActiveCfg = Debug|Any CPU
		{58A4ED91-A8FD-40ED-9628-A6737BC27A2C}.Debug|Mixed Platforms.Build.0 = Debug|Any CPU
		{58A4ED91-A8FD-40ED-9628-A6737BC27A2C}.Debug|Win32.ActiveCfg = Debug|Any CPU
		{58A4ED91-A8FD-40ED-9628-A6737BC27A2C}.Release|Any CPU.ActiveCfg = Release|Any CPU
		{58A4ED91-A8FD-40ED-9628-A6737BC27A2C}.Release|Any CPU.Build.0 = Release|Any CPU
		{58A4ED91-A8FD-40ED-9628-A6737BC27A2C}.Release|Mixed Platforms.ActiveCfg = Release|Any CPU
		{58A4ED91-A8FD-40ED-9628-A6737BC27A2C}.Release|Mixed Platforms.Build.0 = Release|Any CPU
		{58A4ED91-A8FD-40ED-9628-A6737BC27A2C}.Release|Win32.ActiveCfg = Release|Any CPU
		{5C038435-17A3-4FD9-AD07-775FCA47836B}.Debug|Any CPU.ActiveCfg = Debug|Any CPU
		{5C038435-17A3-4FD9-AD07-775FCA47836B}.Debug|Any CPU.Build.0 = Debug|Any CPU
		{5C038435-17A3-4FD9-AD07-775FCA47836B}.Debug|Mixed Platforms.ActiveCfg = Debug|Any CPU
		{5C038435-17A3-4FD9-AD07-775FCA47836B}.Debug|Mixed Platforms.Build.0 = Debug|Any CPU
		{5C038435-17A3-4FD9-AD07-775FCA47836B}.Debug|Win32.ActiveCfg = Debug|Any CPU
		{5C038435-17A3-4FD9-AD07-775FCA47836B}.Release|Any CPU.ActiveCfg = Release|Any CPU
		{5C038435-17A3-4FD9-AD07-775FCA47836B}.Release|Any CPU.Build.0 = Release|Any CPU
		{5C038435-17A3-4FD9-AD07-775FCA47836B}.Release|Mixed Platforms.ActiveCfg = Release|Any CPU
		{5C038435-17A3-4FD9-AD07-775FCA47836B}.Release|Mixed Platforms.Build.0 = Release|Any CPU
		{5C038435-17A3-4FD9-AD07-775FCA47836B}.Release|Win32.ActiveCfg = Release|Any CPU
		{69194894-2AD1-49C6-9601-D007E56EB0BF}.Debug|Any CPU.ActiveCfg = Debug|Any CPU
		{69194894-2AD1-49C6-9601-D007E56EB0BF}.Debug|Any CPU.Build.0 = Debug|Any CPU
		{69194894-2AD1-49C6-9601-D007E56EB0BF}.Debug|Mixed Platforms.ActiveCfg = Debug|Any CPU
		{69194894-2AD1-49C6-9601-D007E56EB0BF}.Debug|Mixed Platforms.Build.0 = Debug|Any CPU
		{69194894-2AD1-49C6-9601-D007E56EB0BF}.Debug|Win32.ActiveCfg = Debug|Any CPU
		{69194894-2AD1-49C6-9601-D007E56EB0BF}.Release|Any CPU.ActiveCfg = Release|Any CPU
		{69194894-2AD1-49C6-9601-D007E56EB0BF}.Release|Any CPU.Build.0 = Release|Any CPU
		{69194894-2AD1-49C6-9601-D007E56EB0BF}.Release|Mixed Platforms.ActiveCfg = Release|Any CPU
		{69194894-2AD1-49C6-9601-D007E56EB0BF}.Release|Mixed Platforms.Build.0 = Release|Any CPU
		{69194894-2AD1-49C6-9601-D007E56EB0BF}.Release|Win32.ActiveCfg = Release|Any CPU
		{EAA935D3-6F88-4685-B852-9053DF29E324}.Debug|Any CPU.ActiveCfg = Debug|Any CPU
		{EAA935D3-6F88-4685-B852-9053DF29E324}.Debug|Any CPU.Build.0 = Debug|Any CPU
		{EAA935D3-6F88-4685-B852-9053DF29E324}.Debug|Mixed Platforms.ActiveCfg = Debug|Any CPU
		{EAA935D3-6F88-4685-B852-9053DF29E324}.Debug|Mixed Platforms.Build.0 = Debug|Any CPU
		{EAA935D3-6F88-4685-B852-9053DF29E324}.Debug|Win32.ActiveCfg = Debug|Any CPU
		{EAA935D3-6F88-4685-B852-9053DF29E324}.Release|Any CPU.ActiveCfg = Release|Any CPU
		{EAA935D3-6F88-4685-B852-9053DF29E324}.Release|Any CPU.Build.0 = Release|Any CPU
		{EAA935D3-6F88-4685-B852-9053DF29E324}.Release|Mixed Platforms.ActiveCfg = Release|Any CPU
		{EAA935D3-6F88-4685-B852-9053DF29E324}.Release|Mixed Platforms.Build.0 = Release|Any CPU
		{EAA935D3-6F88-4685-B852-9053DF29E324}.Release|Win32.ActiveCfg = Release|Any CPU
		{891D5581-137A-40CC-9D96-1AA1EEAD3E69}.Debug|Any CPU.ActiveCfg = Debug|Any CPU
		{891D5581-137A-40CC-9D96-1AA1EEAD3E69}.Debug|Any CPU.Build.0 = Debug|Any CPU
		{891D5581-137A-40CC-9D96-1AA1EEAD3E69}.Debug|Mixed Platforms.ActiveCfg = Debug|Any CPU
		{891D5581-137A-40CC-9D96-1AA1EEAD3E69}.Debug|Mixed Platforms.Build.0 = Debug|Any CPU
		{891D5581-137A-40CC-9D96-1AA1EEAD3E69}.Debug|Win32.ActiveCfg = Debug|Any CPU
		{891D5581-137A-40CC-9D96-1AA1EEAD3E69}.Release|Any CPU.ActiveCfg = Release|Any CPU
		{891D5581-137A-40CC-9D96-1AA1EEAD3E69}.Release|Any CPU.Build.0 = Release|Any CPU
		{891D5581-137A-40CC-9D96-1AA1EEAD3E69}.Release|Mixed Platforms.ActiveCfg = Release|Any CPU
		{891D5581-137A-40CC-9D96-1AA1EEAD3E69}.Release|Mixed Platforms.Build.0 = Release|Any CPU
		{891D5581-137A-40CC-9D96-1AA1EEAD3E69}.Release|Win32.ActiveCfg = Release|Any CPU
		{79F7FFC2-97D7-4926-987A-4C7A1B1945B3}.Debug|Any CPU.ActiveCfg = Debug|Any CPU
		{79F7FFC2-97D7-4926-987A-4C7A1B1945B3}.Debug|Any CPU.Build.0 = Debug|Any CPU
		{79F7FFC2-97D7-4926-987A-4C7A1B1945B3}.Debug|Mixed Platforms.ActiveCfg = Debug|Any CPU
		{79F7FFC2-97D7-4926-987A-4C7A1B1945B3}.Debug|Mixed Platforms.Build.0 = Debug|Any CPU
		{79F7FFC2-97D7-4926-987A-4C7A1B1945B3}.Debug|Win32.ActiveCfg = Debug|Any CPU
		{79F7FFC2-97D7-4926-987A-4C7A1B1945B3}.Release|Any CPU.ActiveCfg = Release|Any CPU
		{79F7FFC2-97D7-4926-987A-4C7A1B1945B3}.Release|Any CPU.Build.0 = Release|Any CPU
		{79F7FFC2-97D7-4926-987A-4C7A1B1945B3}.Release|Mixed Platforms.ActiveCfg = Release|Any CPU
		{79F7FFC2-97D7-4926-987A-4C7A1B1945B3}.Release|Mixed Platforms.Build.0 = Release|Any CPU
		{79F7FFC2-97D7-4926-987A-4C7A1B1945B3}.Release|Win32.ActiveCfg = Release|Any CPU
		{2E29C0AF-1CF9-44B7-AA38-9D0634E7BEBD}.Debug|Any CPU.ActiveCfg = Debug|Any CPU
		{2E29C0AF-1CF9-44B7-AA38-9D0634E7BEBD}.Debug|Any CPU.Build.0 = Debug|Any CPU
		{2E29C0AF-1CF9-44B7-AA38-9D0634E7BEBD}.Debug|Mixed Platforms.ActiveCfg = Debug|Any CPU
		{2E29C0AF-1CF9-44B7-AA38-9D0634E7BEBD}.Debug|Mixed Platforms.Build.0 = Debug|Any CPU
		{2E29C0AF-1CF9-44B7-AA38-9D0634E7BEBD}.Debug|Win32.ActiveCfg = Debug|Any CPU
		{2E29C0AF-1CF9-44B7-AA38-9D0634E7BEBD}.Release|Any CPU.ActiveCfg = Release|Any CPU
		{2E29C0AF-1CF9-44B7-AA38-9D0634E7BEBD}.Release|Any CPU.Build.0 = Release|Any CPU
		{2E29C0AF-1CF9-44B7-AA38-9D0634E7BEBD}.Release|Mixed Platforms.ActiveCfg = Release|Any CPU
		{2E29C0AF-1CF9-44B7-AA38-9D0634E7BEBD}.Release|Mixed Platforms.Build.0 = Release|Any CPU
		{2E29C0AF-1CF9-44B7-AA38-9D0634E7BEBD}.Release|Win32.ActiveCfg = Release|Any CPU
		{A417076D-12C6-4A22-9FFA-79D2AD3474D5}.Debug|Any CPU.ActiveCfg = Debug|Any CPU
		{A417076D-12C6-4A22-9FFA-79D2AD3474D5}.Debug|Any CPU.Build.0 = Debug|Any CPU
		{A417076D-12C6-4A22-9FFA-79D2AD3474D5}.Debug|Mixed Platforms.ActiveCfg = Debug|Any CPU
		{A417076D-12C6-4A22-9FFA-79D2AD3474D5}.Debug|Mixed Platforms.Build.0 = Debug|Any CPU
		{A417076D-12C6-4A22-9FFA-79D2AD3474D5}.Debug|Win32.ActiveCfg = Debug|Any CPU
		{A417076D-12C6-4A22-9FFA-79D2AD3474D5}.Release|Any CPU.ActiveCfg = Release|Any CPU
		{A417076D-12C6-4A22-9FFA-79D2AD3474D5}.Release|Any CPU.Build.0 = Release|Any CPU
		{A417076D-12C6-4A22-9FFA-79D2AD3474D5}.Release|Mixed Platforms.ActiveCfg = Release|Any CPU
		{A417076D-12C6-4A22-9FFA-79D2AD3474D5}.Release|Mixed Platforms.Build.0 = Release|Any CPU
		{A417076D-12C6-4A22-9FFA-79D2AD3474D5}.Release|Win32.ActiveCfg = Release|Any CPU
	EndGlobalSection
	GlobalSection(SolutionProperties) = preSolution
		HideSolutionNode = FALSE
	EndGlobalSection
	GlobalSection(NestedProjects) = preSolution
		{FD2F9EDB-E17A-4662-912D-2C0E10F41539} = {C0522311-FEFA-43FB-B230-59D34810C8BE}
		{3F26460A-F364-43E2-99E3-B94032B4ECAA} = {C0522311-FEFA-43FB-B230-59D34810C8BE}
		{E96D658F-A28D-4CAC-A414-7328CF12052F} = {C0522311-FEFA-43FB-B230-59D34810C8BE}
		{E236CCA6-3D70-4146-9DA9-7199416EE69F} = {C0522311-FEFA-43FB-B230-59D34810C8BE}
		{B41F0BD0-1B80-49B4-9F56-718768B6E64D} = {3F26460A-F364-43E2-99E3-B94032B4ECAA}
		{A417076D-12C6-4A22-9FFA-79D2AD3474D5} = {3F26460A-F364-43E2-99E3-B94032B4ECAA}
		{5C038435-17A3-4FD9-AD07-775FCA47836B} = {A4005ADB-2EBA-4DAD-84AC-6B741BB551B6}
		{EAA935D3-6F88-4685-B852-9053DF29E324} = {A4005ADB-2EBA-4DAD-84AC-6B741BB551B6}
		{6D76F723-71CB-4EFB-98CB-E2592B10C60B} = {A4005ADB-2EBA-4DAD-84AC-6B741BB551B6}
		{CEB931AC-B7E7-443B-9676-14DE221A88F8} = {A4005ADB-2EBA-4DAD-84AC-6B741BB551B6}
		{69194894-2AD1-49C6-9601-D007E56EB0BF} = {FA78D83A-7511-4EF0-884E-5E3F0983CE2B}
		{58A4ED91-A8FD-40ED-9628-A6737BC27A2C} = {FA78D83A-7511-4EF0-884E-5E3F0983CE2B}
		{891D5581-137A-40CC-9D96-1AA1EEAD3E69} = {FA78D83A-7511-4EF0-884E-5E3F0983CE2B}
		{79F7FFC2-97D7-4926-987A-4C7A1B1945B3} = {CEB931AC-B7E7-443B-9676-14DE221A88F8}
		{2E29C0AF-1CF9-44B7-AA38-9D0634E7BEBD} = {CEB931AC-B7E7-443B-9676-14DE221A88F8}
	EndGlobalSection
EndGlobal
